
Microsoft Visual Studio Solution File, Format Version 11.00
# Visual Studio 2010
Project("{FAE04EC0-301F-11D3-BF4B-00C04F79EFBC}") = "Sharp3D.Scene", "Sharp3D.Scene\Sharp3D.Scene.csproj", "{52481526-B77E-46E9-A5A7-EC391861611B}"
EndProject
Project("{FAE04EC0-301F-11D3-BF4B-00C04F79EFBC}") = "Sharp3D.Renderer", "Sharp3D.Renderer\Sharp3D.Renderer.csproj", "{60D2B92A-E2E0-4763-ABC8-E76758BB9091}"
EndProject
Project("{FAE04EC0-301F-11D3-BF4B-00C04F79EFBC}") = "Sharp3D.UI.Widgets", "Sharp3D.UI.Widgets\Sharp3D.UI.Widgets.csproj", "{A9F87FEB-59DB-4655-BCD6-4FF63BC572CC}"
EndProject
Project("{FAE04EC0-301F-11D3-BF4B-00C04F79EFBC}") = "Sharp3D", "Sharp3D\Sharp3D.csproj", "{5749D329-3779-457E-B71A-B0926F95FA90}"
EndProject
Project("{FAE04EC0-301F-11D3-BF4B-00C04F79EFBC}") = "Sharp3D.Common", "Sharp3D.Common\Sharp3D.Common.csproj", "{14F36944-9A55-4BC1-A273-2E7EE77D695A}"
EndProject
Project("{FAE04EC0-301F-11D3-BF4B-00C04F79EFBC}") = "Sharp3D.Modules.Standard", "Sharp3D.Modules.Standard\Sharp3D.Modules.Standard.csproj", "{E6FBDC82-55E8-4AC1-AFA6-3D6FA5AC18C7}"
EndProject
Global
	GlobalSection(SolutionConfigurationPlatforms) = preSolution
		Debug|Any CPU = Debug|Any CPU
		Debug|Mixed Platforms = Debug|Mixed Platforms
		Debug|x86 = Debug|x86
		Release|Any CPU = Release|Any CPU
		Release|Mixed Platforms = Release|Mixed Platforms
		Release|x86 = Release|x86
	EndGlobalSection
	GlobalSection(ProjectConfigurationPlatforms) = postSolution
		{52481526-B77E-46E9-A5A7-EC391861611B}.Debug|Any CPU.ActiveCfg = Debug|Any CPU
		{52481526-B77E-46E9-A5A7-EC391861611B}.Debug|Any CPU.Build.0 = Debug|Any CPU
		{52481526-B77E-46E9-A5A7-EC391861611B}.Debug|Mixed Platforms.ActiveCfg = Debug|Any CPU
		{52481526-B77E-46E9-A5A7-EC391861611B}.Debug|Mixed Platforms.Build.0 = Debug|Any CPU
		{52481526-B77E-46E9-A5A7-EC391861611B}.Debug|x86.ActiveCfg = Debug|Any CPU
		{52481526-B77E-46E9-A5A7-EC391861611B}.Release|Any CPU.ActiveCfg = Release|Any CPU
		{52481526-B77E-46E9-A5A7-EC391861611B}.Release|Any CPU.Build.0 = Release|Any CPU
		{52481526-B77E-46E9-A5A7-EC391861611B}.Release|Mixed Platforms.ActiveCfg = Release|Any CPU
		{52481526-B77E-46E9-A5A7-EC391861611B}.Release|Mixed Platforms.Build.0 = Release|Any CPU
		{52481526-B77E-46E9-A5A7-EC391861611B}.Release|x86.ActiveCfg = Release|Any CPU
		{60D2B92A-E2E0-4763-ABC8-E76758BB9091}.Debug|Any CPU.ActiveCfg = Debug|Any CPU
		{60D2B92A-E2E0-4763-ABC8-E76758BB9091}.Debug|Any CPU.Build.0 = Debug|Any CPU
		{60D2B92A-E2E0-4763-ABC8-E76758BB9091}.Debug|Mixed Platforms.ActiveCfg = Debug|Any CPU
		{60D2B92A-E2E0-4763-ABC8-E76758BB9091}.Debug|Mixed Platforms.Build.0 = Debug|Any CPU
		{60D2B92A-E2E0-4763-ABC8-E76758BB9091}.Debug|x86.ActiveCfg = Debug|Any CPU
		{60D2B92A-E2E0-4763-ABC8-E76758BB9091}.Release|Any CPU.ActiveCfg = Release|Any CPU
		{60D2B92A-E2E0-4763-ABC8-E76758BB9091}.Release|Any CPU.Build.0 = Release|Any CPU
		{60D2B92A-E2E0-4763-ABC8-E76758BB9091}.Release|Mixed Platforms.ActiveCfg = Release|Any CPU
		{60D2B92A-E2E0-4763-ABC8-E76758BB9091}.Release|Mixed Platforms.Build.0 = Release|Any CPU
		{60D2B92A-E2E0-4763-ABC8-E76758BB9091}.Release|x86.ActiveCfg = Release|Any CPU
		{A9F87FEB-59DB-4655-BCD6-4FF63BC572CC}.Debug|Any CPU.ActiveCfg = Debug|Any CPU
		{A9F87FEB-59DB-4655-BCD6-4FF63BC572CC}.Debug|Any CPU.Build.0 = Debug|Any CPU
		{A9F87FEB-59DB-4655-BCD6-4FF63BC572CC}.Debug|Mixed Platforms.ActiveCfg = Debug|Any CPU
		{A9F87FEB-59DB-4655-BCD6-4FF63BC572CC}.Debug|Mixed Platforms.Build.0 = Debug|Any CPU
		{A9F87FEB-59DB-4655-BCD6-4FF63BC572CC}.Debug|x86.ActiveCfg = Debug|Any CPU
		{A9F87FEB-59DB-4655-BCD6-4FF63BC572CC}.Release|Any CPU.ActiveCfg = Release|Any CPU
		{A9F87FEB-59DB-4655-BCD6-4FF63BC572CC}.Release|Any CPU.Build.0 = Release|Any CPU
		{A9F87FEB-59DB-4655-BCD6-4FF63BC572CC}.Release|Mixed Platforms.ActiveCfg = Release|Any CPU
		{A9F87FEB-59DB-4655-BCD6-4FF63BC572CC}.Release|Mixed Platforms.Build.0 = Release|Any CPU
		{A9F87FEB-59DB-4655-BCD6-4FF63BC572CC}.Release|x86.ActiveCfg = Release|Any CPU
		{5749D329-3779-457E-B71A-B0926F95FA90}.Debug|Any CPU.ActiveCfg = Debug|x86
		{5749D329-3779-457E-B71A-B0926F95FA90}.Debug|Mixed Platforms.ActiveCfg = Debug|x86
		{5749D329-3779-457E-B71A-B0926F95FA90}.Debug|Mixed Platforms.Build.0 = Debug|x86
		{5749D329-3779-457E-B71A-B0926F95FA90}.Debug|x86.ActiveCfg = Debug|x86
		{5749D329-3779-457E-B71A-B0926F95FA90}.Debug|x86.Build.0 = Debug|x86
		{5749D329-3779-457E-B71A-B0926F95FA90}.Release|Any CPU.ActiveCfg = Release|x86
		{5749D329-3779-457E-B71A-B0926F95FA90}.Release|Mixed Platforms.ActiveCfg = Release|x86
		{5749D329-3779-457E-B71A-B0926F95FA90}.Release|Mixed Platforms.Build.0 = Release|x86
		{5749D329-3779-457E-B71A-B0926F95FA90}.Release|x86.ActiveCfg = Release|x86
		{5749D329-3779-457E-B71A-B0926F95FA90}.Release|x86.Build.0 = Release|x86
		{14F36944-9A55-4BC1-A273-2E7EE77D695A}.Debug|Any CPU.ActiveCfg = Debug|x86
		{14F36944-9A55-4BC1-A273-2E7EE77D695A}.Debug|Mixed Platforms.ActiveCfg = Debug|x86
		{14F36944-9A55-4BC1-A273-2E7EE77D695A}.Debug|Mixed Platforms.Build.0 = Debug|x86
		{14F36944-9A55-4BC1-A273-2E7EE77D695A}.Debug|x86.ActiveCfg = Debug|x86
		{14F36944-9A55-4BC1-A273-2E7EE77D695A}.Debug|x86.Build.0 = Debug|x86
		{14F36944-9A55-4BC1-A273-2E7EE77D695A}.Release|Any CPU.ActiveCfg = Release|x86
		{14F36944-9A55-4BC1-A273-2E7EE77D695A}.Release|Mixed Platforms.ActiveCfg = Release|x86
		{14F36944-9A55-4BC1-A273-2E7EE77D695A}.Release|Mixed Platforms.Build.0 = Release|x86
		{14F36944-9A55-4BC1-A273-2E7EE77D695A}.Release|x86.ActiveCfg = Release|x86
		{14F36944-9A55-4BC1-A273-2E7EE77D695A}.Release|x86.Build.0 = Release|x86
		{E6FBDC82-55E8-4AC1-AFA6-3D6FA5AC18C7}.Debug|Any CPU.ActiveCfg = Debug|Any CPU
		{E6FBDC82-55E8-4AC1-AFA6-3D6FA5AC18C7}.Debug|Any CPU.Build.0 = Debug|Any CPU
		{E6FBDC82-55E8-4AC1-AFA6-3D6FA5AC18C7}.Debug|Mixed Platforms.ActiveCfg = Debug|Any CPU
		{E6FBDC82-55E8-4AC1-AFA6-3D6FA5AC18C7}.Debug|Mixed Platforms.Build.0 = Debug|Any CPU
		{E6FBDC82-55E8-4AC1-AFA6-3D6FA5AC18C7}.Debug|x86.ActiveCfg = Debug|Any CPU
		{E6FBDC82-55E8-4AC1-AFA6-3D6FA5AC18C7}.Release|Any CPU.ActiveCfg = Release|Any CPU
		{E6FBDC82-55E8-4AC1-AFA6-3D6FA5AC18C7}.Release|Any CPU.Build.0 = Release|Any CPU
		{E6FBDC82-55E8-4AC1-AFA6-3D6FA5AC18C7}.Release|Mixed Platforms.ActiveCfg = Release|Any CPU
		{E6FBDC82-55E8-4AC1-AFA6-3D6FA5AC18C7}.Release|Mixed Platforms.Build.0 = Release|Any CPU
		{E6FBDC82-55E8-4AC1-AFA6-3D6FA5AC18C7}.Release|x86.ActiveCfg = Release|Any CPU
	EndGlobalSection
	GlobalSection(SolutionProperties) = preSolution
		HideSolutionNode = FALSE
	EndGlobalSection
EndGlobal
